
Microsoft Visual Studio Solution File, Format Version 12.00
# Visual Studio Version 16
VisualStudioVersion = 16.0.31911.196
MinimumVisualStudioVersion = 10.0.40219.1
Project("{FAE04EC0-301F-11D3-BF4B-00C04F79EFBC}") = "AppMVC", "AppMVC\AppMVC.csproj", "{07AB2C53-5614-4381-8E4A-B0746B2747B7}"
EndProject
Global
	GlobalSection(SolutionConfigurationPlatforms) = preSolution
		Debug|Any CPU = Debug|Any CPU
		Release|Any CPU = Release|Any CPU
	EndGlobalSection
	GlobalSection(ProjectConfigurationPlatforms) = postSolution
		{07AB2C53-5614-4381-8E4A-B0746B2747B7}.Debug|Any CPU.ActiveCfg = Debug|Any CPU
		{07AB2C53-5614-4381-8E4A-B0746B2747B7}.Debug|Any CPU.Build.0 = Debug|Any CPU
		{07AB2C53-5614-4381-8E4A-B0746B2747B7}.Release|Any CPU.ActiveCfg = Release|Any CPU
		{07AB2C53-5614-4381-8E4A-B0746B2747B7}.Release|Any CPU.Build.0 = Release|Any CPU
	EndGlobalSection
	GlobalSection(SolutionProperties) = preSolution
		HideSolutionNode = FALSE
	EndGlobalSection
	GlobalSection(ExtensibilityGlobals) = postSolution
		SolutionGuid = {FA2B5414-CA0E-4A18-B2EE-CF9319021334}
	EndGlobalSection
EndGlobal
