
Microsoft Visual Studio Solution File, Format Version 12.00
# Visual Studio Version 16
VisualStudioVersion = 16.0.31911.196
MinimumVisualStudioVersion = 10.0.40219.1
Project("{FAE04EC0-301F-11D3-BF4B-00C04F79EFBC}") = "pasadoNumeros", "pasadoNumeros\pasadoNumeros.csproj", "{EAC006EE-109B-4E35-B055-A16D035F784E}"
EndProject
Global
	GlobalSection(SolutionConfigurationPlatforms) = preSolution
		Debug|Any CPU = Debug|Any CPU
		Release|Any CPU = Release|Any CPU
	EndGlobalSection
	GlobalSection(ProjectConfigurationPlatforms) = postSolution
		{EAC006EE-109B-4E35-B055-A16D035F784E}.Debug|Any CPU.ActiveCfg = Debug|Any CPU
		{EAC006EE-109B-4E35-B055-A16D035F784E}.Debug|Any CPU.Build.0 = Debug|Any CPU
		{EAC006EE-109B-4E35-B055-A16D035F784E}.Release|Any CPU.ActiveCfg = Release|Any CPU
		{EAC006EE-109B-4E35-B055-A16D035F784E}.Release|Any CPU.Build.0 = Release|Any CPU
	EndGlobalSection
	GlobalSection(SolutionProperties) = preSolution
		HideSolutionNode = FALSE
	EndGlobalSection
	GlobalSection(ExtensibilityGlobals) = postSolution
		SolutionGuid = {0AD3B72E-917D-4D69-80FE-8300C58ADAEB}
	EndGlobalSection
EndGlobal
