
Microsoft Visual Studio Solution File, Format Version 12.00
# Visual Studio Version 16
VisualStudioVersion = 16.0.31911.196
MinimumVisualStudioVersion = 10.0.40219.1
Project("{FAE04EC0-301F-11D3-BF4B-00C04F79EFBC}") = "AsignacionInterfaz", "AsignacionInterfaz\AsignacionInterfaz.csproj", "{26FBEE05-AA1A-47E6-AEED-D887504C09CE}"
EndProject
Global
	GlobalSection(SolutionConfigurationPlatforms) = preSolution
		Debug|Any CPU = Debug|Any CPU
		Release|Any CPU = Release|Any CPU
	EndGlobalSection
	GlobalSection(ProjectConfigurationPlatforms) = postSolution
		{26FBEE05-AA1A-47E6-AEED-D887504C09CE}.Debug|Any CPU.ActiveCfg = Debug|Any CPU
		{26FBEE05-AA1A-47E6-AEED-D887504C09CE}.Debug|Any CPU.Build.0 = Debug|Any CPU
		{26FBEE05-AA1A-47E6-AEED-D887504C09CE}.Release|Any CPU.ActiveCfg = Release|Any CPU
		{26FBEE05-AA1A-47E6-AEED-D887504C09CE}.Release|Any CPU.Build.0 = Release|Any CPU
	EndGlobalSection
	GlobalSection(SolutionProperties) = preSolution
		HideSolutionNode = FALSE
	EndGlobalSection
	GlobalSection(ExtensibilityGlobals) = postSolution
		SolutionGuid = {76C98D58-ACAF-43AF-A0E4-741662CD6097}
	EndGlobalSection
EndGlobal
