
Microsoft Visual Studio Solution File, Format Version 12.00
# Visual Studio Version 16
VisualStudioVersion = 16.0.31911.196
MinimumVisualStudioVersion = 10.0.40219.1
Project("{FAE04EC0-301F-11D3-BF4B-00C04F79EFBC}") = "tryCatch", "tryCatch\tryCatch.csproj", "{7587D969-2BE9-413C-991A-1DD47469D3C6}"
EndProject
Global
	GlobalSection(SolutionConfigurationPlatforms) = preSolution
		Debug|Any CPU = Debug|Any CPU
		Release|Any CPU = Release|Any CPU
	EndGlobalSection
	GlobalSection(ProjectConfigurationPlatforms) = postSolution
		{7587D969-2BE9-413C-991A-1DD47469D3C6}.Debug|Any CPU.ActiveCfg = Debug|Any CPU
		{7587D969-2BE9-413C-991A-1DD47469D3C6}.Debug|Any CPU.Build.0 = Debug|Any CPU
		{7587D969-2BE9-413C-991A-1DD47469D3C6}.Release|Any CPU.ActiveCfg = Release|Any CPU
		{7587D969-2BE9-413C-991A-1DD47469D3C6}.Release|Any CPU.Build.0 = Release|Any CPU
	EndGlobalSection
	GlobalSection(SolutionProperties) = preSolution
		HideSolutionNode = FALSE
	EndGlobalSection
	GlobalSection(ExtensibilityGlobals) = postSolution
		SolutionGuid = {DB491E51-8EE4-403D-817A-8571BA854E9C}
	EndGlobalSection
EndGlobal
